
Microsoft Visual Studio Solution File, Format Version 12.00
# Visual Studio Version 17
VisualStudioVersion = 17.10.35122.118
MinimumVisualStudioVersion = 10.0.40219.1
Project("{8BC9CEB8-8B4A-11D0-8D11-00A0C91BC942}") = "那又怎样", "那又怎样.vcxproj", "{1EEBBC4C-3457-43D9-B13C-37C5A0111CCF}"
EndProject
Global
	GlobalSection(SolutionConfigurationPlatforms) = preSolution
		Debug|x64 = Debug|x64
		Debug|x86 = Debug|x86
		Release|x64 = Release|x64
		Release|x86 = Release|x86
	EndGlobalSection
	GlobalSection(ProjectConfigurationPlatforms) = postSolution
		{1EEBBC4C-3457-43D9-B13C-37C5A0111CCF}.Debug|x64.ActiveCfg = Debug|x64
		{1EEBBC4C-3457-43D9-B13C-37C5A0111CCF}.Debug|x64.Build.0 = Debug|x64
		{1EEBBC4C-3457-43D9-B13C-37C5A0111CCF}.Debug|x86.ActiveCfg = Debug|Win32
		{1EEBBC4C-3457-43D9-B13C-37C5A0111CCF}.Debug|x86.Build.0 = Debug|Win32
		{1EEBBC4C-3457-43D9-B13C-37C5A0111CCF}.Release|x64.ActiveCfg = Release|x64
		{1EEBBC4C-3457-43D9-B13C-37C5A0111CCF}.Release|x64.Build.0 = Release|x64
		{1EEBBC4C-3457-43D9-B13C-37C5A0111CCF}.Release|x86.ActiveCfg = Release|Win32
		{1EEBBC4C-3457-43D9-B13C-37C5A0111CCF}.Release|x86.Build.0 = Release|Win32
	EndGlobalSection
	GlobalSection(SolutionProperties) = preSolution
		HideSolutionNode = FALSE
	EndGlobalSection
	GlobalSection(ExtensibilityGlobals) = postSolution
		SolutionGuid = {ACD24A95-4FF5-4F16-A950-386EBCF79511}
	EndGlobalSection
EndGlobal
